
Microsoft Visual Studio Solution File, Format Version 12.00
# Visual Studio 14
VisualStudioVersion = 14.0.25123.0
MinimumVisualStudioVersion = 10.0.40219.1
Project("{DD17AEE9-8FE0-4044-A8A2-39E0C749C135}") = "Sitecore.Support.389445", "Sitecore.Support.389445\Sitecore.Support.389445.csproj", "{B257AE1F-1867-4CDE-A166-EFBB12DEF3D5}"
EndProject
Global
	GlobalSection(SolutionConfigurationPlatforms) = preSolution
		Debug|Any CPU = Debug|Any CPU
		Release|Any CPU = Release|Any CPU
	EndGlobalSection
	GlobalSection(ProjectConfigurationPlatforms) = postSolution
		{B257AE1F-1867-4CDE-A166-EFBB12DEF3D5}.Debug|Any CPU.ActiveCfg = Debug|Any CPU
		{B257AE1F-1867-4CDE-A166-EFBB12DEF3D5}.Debug|Any CPU.Build.0 = Debug|Any CPU
		{B257AE1F-1867-4CDE-A166-EFBB12DEF3D5}.Release|Any CPU.ActiveCfg = Release|Any CPU
		{B257AE1F-1867-4CDE-A166-EFBB12DEF3D5}.Release|Any CPU.Build.0 = Release|Any CPU
	EndGlobalSection
	GlobalSection(SolutionProperties) = preSolution
		HideSolutionNode = FALSE
	EndGlobalSection
EndGlobal
